
Microsoft Visual Studio Solution File, Format Version 12.00
# Visual Studio Version 17
VisualStudioVersion = 17.10.35013.160
MinimumVisualStudioVersion = 10.0.40219.1
Project("{FAE04EC0-301F-11D3-BF4B-00C04F79EFBC}") = "UserPanel", "UserPanel\UserPanel.csproj", "{2FCEB2B0-5B72-49FA-9007-70F83F688600}"
EndProject
Project("{FAE04EC0-301F-11D3-BF4B-00C04F79EFBC}") = "AdminPanel", "AdminPanel\AdminPanel.csproj", "{3AD37CAB-D98B-4DB7-86C2-15CFB1102FE9}"
EndProject
Project("{FAE04EC0-301F-11D3-BF4B-00C04F79EFBC}") = "MarketApp.Models", "MarketApp.Models\MarketApp.Models.csproj", "{9F2A4517-802E-4156-AC64-619AD2E9B5EC}"
EndProject
Global
	GlobalSection(SolutionConfigurationPlatforms) = preSolution
		Debug|Any CPU = Debug|Any CPU
		Release|Any CPU = Release|Any CPU
	EndGlobalSection
	GlobalSection(ProjectConfigurationPlatforms) = postSolution
		{2FCEB2B0-5B72-49FA-9007-70F83F688600}.Debug|Any CPU.ActiveCfg = Debug|Any CPU
		{2FCEB2B0-5B72-49FA-9007-70F83F688600}.Debug|Any CPU.Build.0 = Debug|Any CPU
		{2FCEB2B0-5B72-49FA-9007-70F83F688600}.Release|Any CPU.ActiveCfg = Release|Any CPU
		{2FCEB2B0-5B72-49FA-9007-70F83F688600}.Release|Any CPU.Build.0 = Release|Any CPU
		{3AD37CAB-D98B-4DB7-86C2-15CFB1102FE9}.Debug|Any CPU.ActiveCfg = Debug|Any CPU
		{3AD37CAB-D98B-4DB7-86C2-15CFB1102FE9}.Debug|Any CPU.Build.0 = Debug|Any CPU
		{3AD37CAB-D98B-4DB7-86C2-15CFB1102FE9}.Release|Any CPU.ActiveCfg = Release|Any CPU
		{3AD37CAB-D98B-4DB7-86C2-15CFB1102FE9}.Release|Any CPU.Build.0 = Release|Any CPU
		{9F2A4517-802E-4156-AC64-619AD2E9B5EC}.Debug|Any CPU.ActiveCfg = Debug|Any CPU
		{9F2A4517-802E-4156-AC64-619AD2E9B5EC}.Debug|Any CPU.Build.0 = Debug|Any CPU
		{9F2A4517-802E-4156-AC64-619AD2E9B5EC}.Release|Any CPU.ActiveCfg = Release|Any CPU
		{9F2A4517-802E-4156-AC64-619AD2E9B5EC}.Release|Any CPU.Build.0 = Release|Any CPU
	EndGlobalSection
	GlobalSection(SolutionProperties) = preSolution
		HideSolutionNode = FALSE
	EndGlobalSection
	GlobalSection(ExtensibilityGlobals) = postSolution
		SolutionGuid = {BE272A28-BD31-43EC-B2A2-3E02F894A4F8}
	EndGlobalSection
EndGlobal
